
Microsoft Visual Studio Solution File, Format Version 12.00
# Visual Studio 15
Project("{FAE04EC0-301F-11D3-BF4B-00C04F79EFBC}") = "UnityEngine.UI", "UnityEngine.UI.csproj", "{C11F3F69-389C-75CE-0FF8-88B73F5E3791}"
EndProject
Project("{FAE04EC0-301F-11D3-BF4B-00C04F79EFBC}") = "Unity.RenderPipelines.Core.Runtime", "Unity.RenderPipelines.Core.Runtime.csproj", "{7548AA12-C1E4-754E-A47D-4A5D7D2F1E07}"
EndProject
Project("{FAE04EC0-301F-11D3-BF4B-00C04F79EFBC}") = "Unity.RenderPipelines.Universal.Runtime", "Unity.RenderPipelines.Universal.Runtime.csproj", "{B11E3875-9459-5E9B-515F-D72CD4D69C90}"
EndProject
Project("{FAE04EC0-301F-11D3-BF4B-00C04F79EFBC}") = "Unity.RenderPipeline.Universal.ShaderLibrary", "Unity.RenderPipeline.Universal.ShaderLibrary.csproj", "{32CA72BF-E503-A6FE-4BB0-61A20EAD13C1}"
EndProject
Project("{FAE04EC0-301F-11D3-BF4B-00C04F79EFBC}") = "Gameplay_ass", "Gameplay_ass.csproj", "{50BAF7FC-3512-847A-9374-B01DE70714C5}"
EndProject
Project("{FAE04EC0-301F-11D3-BF4B-00C04F79EFBC}") = "Unity.RenderPipelines.ShaderGraph.ShaderGraphLibrary", "Unity.RenderPipelines.ShaderGraph.ShaderGraphLibrary.csproj", "{D9D47A62-69F8-5F27-023D-672CC237ED8B}"
EndProject
Project("{FAE04EC0-301F-11D3-BF4B-00C04F79EFBC}") = "Unity.RenderPipelines.Core.ShaderLibrary", "Unity.RenderPipelines.Core.ShaderLibrary.csproj", "{C827307B-CE73-E19E-C698-E733F8BC008E}"
EndProject
Project("{FAE04EC0-301F-11D3-BF4B-00C04F79EFBC}") = "Tests", "Tests.csproj", "{1088A195-2576-5856-1AC0-24DAB3CD2439}"
EndProject
Project("{FAE04EC0-301F-11D3-BF4B-00C04F79EFBC}") = "Unity.RenderPipelines.Universal.Shaders", "Unity.RenderPipelines.Universal.Shaders.csproj", "{B7300060-7762-8B22-4C48-9167483441BB}"
EndProject
Project("{FAE04EC0-301F-11D3-BF4B-00C04F79EFBC}") = "Unity.ShaderGraph.Editor", "Unity.ShaderGraph.Editor.csproj", "{53211068-BDA3-3E8D-7E17-C35D45C22DEE}"
EndProject
Project("{FAE04EC0-301F-11D3-BF4B-00C04F79EFBC}") = "Unity.RenderPipelines.Universal.Editor", "Unity.RenderPipelines.Universal.Editor.csproj", "{9EAE42F9-CCE6-49FA-9C70-FA0F900316D1}"
EndProject
Project("{FAE04EC0-301F-11D3-BF4B-00C04F79EFBC}") = "Unity.2D.Tilemap.Editor", "Unity.2D.Tilemap.Editor.csproj", "{3CF5511F-777B-A0B0-CF3B-C6F772250B41}"
EndProject
Project("{FAE04EC0-301F-11D3-BF4B-00C04F79EFBC}") = "Unity.RenderPipelines.Core.Editor", "Unity.RenderPipelines.Core.Editor.csproj", "{276AA2D5-9C2B-938C-3D57-DDF9A1528C0F}"
EndProject
Project("{FAE04EC0-301F-11D3-BF4B-00C04F79EFBC}") = "PPv2URPConverters", "PPv2URPConverters.csproj", "{6D3B986F-915E-1384-ED39-A4490E186B62}"
EndProject
Project("{FAE04EC0-301F-11D3-BF4B-00C04F79EFBC}") = "Unity.2D.Sprite.Editor", "Unity.2D.Sprite.Editor.csproj", "{F776099B-5AEE-1965-CBC6-D4FD36B23E4E}"
EndProject
Project("{FAE04EC0-301F-11D3-BF4B-00C04F79EFBC}") = "UnityEditor.UI", "UnityEditor.UI.csproj", "{C78F8C90-B95D-3908-556F-8CC255FD5B7A}"
EndProject
Project("{FAE04EC0-301F-11D3-BF4B-00C04F79EFBC}") = "Unity.ShaderGraph.Utilities", "Unity.ShaderGraph.Utilities.csproj", "{6C84049C-AA35-AEEA-0091-8E66A15EA67F}"
EndProject
Project("{FAE04EC0-301F-11D3-BF4B-00C04F79EFBC}") = "UnityEngine.UI", "UnityEngine.UI.Player.csproj", "{AC4EC7D3-B2DC-0933-D334-2BFD1B99BA98}"
EndProject
Project("{FAE04EC0-301F-11D3-BF4B-00C04F79EFBC}") = "Unity.RenderPipelines.Core.Runtime", "Unity.RenderPipelines.Core.Runtime.Player.csproj", "{A6EDB702-9104-D0CF-B59C-DCA923AEF360}"
EndProject
Project("{FAE04EC0-301F-11D3-BF4B-00C04F79EFBC}") = "Unity.RenderPipelines.Universal.Runtime", "Unity.RenderPipelines.Universal.Runtime.Player.csproj", "{EE16177F-9FD7-8AF7-8354-5C5B67154A6B}"
EndProject
Project("{FAE04EC0-301F-11D3-BF4B-00C04F79EFBC}") = "Unity.RenderPipeline.Universal.ShaderLibrary", "Unity.RenderPipeline.Universal.ShaderLibrary.Player.csproj", "{C88631E1-6DCB-39F7-BC05-ABCCB942AFBD}"
EndProject
Project("{FAE04EC0-301F-11D3-BF4B-00C04F79EFBC}") = "Gameplay_ass", "Gameplay_ass.Player.csproj", "{354658F4-365A-464E-E405-C88F796F088D}"
EndProject
Project("{FAE04EC0-301F-11D3-BF4B-00C04F79EFBC}") = "Unity.RenderPipelines.ShaderGraph.ShaderGraphLibrary", "Unity.RenderPipelines.ShaderGraph.ShaderGraphLibrary.Player.csproj", "{5B556706-C6E2-F04C-8230-01FCF23DB8D2}"
EndProject
Project("{FAE04EC0-301F-11D3-BF4B-00C04F79EFBC}") = "Unity.RenderPipelines.Core.ShaderLibrary", "Unity.RenderPipelines.Core.ShaderLibrary.Player.csproj", "{C87D91D4-9A39-BDCB-6CD9-E073D4863954}"
EndProject
Project("{FAE04EC0-301F-11D3-BF4B-00C04F79EFBC}") = "Tests", "Tests.Player.csproj", "{A67849E6-FF31-5210-F4C1-E83463544BFB}"
EndProject
Project("{FAE04EC0-301F-11D3-BF4B-00C04F79EFBC}") = "Unity.RenderPipelines.Universal.Shaders", "Unity.RenderPipelines.Universal.Shaders.Player.csproj", "{EAE74B21-1B94-A6FB-4721-B83B806C8118}"
EndProject
Global
	GlobalSection(SolutionConfigurationPlatforms) = preSolution
		Debug|Any CPU = Debug|Any CPU
		Release|Any CPU = Release|Any CPU
	EndGlobalSection
	GlobalSection(ProjectConfigurationPlatforms) = postSolution
		{C11F3F69-389C-75CE-0FF8-88B73F5E3791}.Debug|Any CPU.ActiveCfg = Debug|Any CPU
		{C11F3F69-389C-75CE-0FF8-88B73F5E3791}.Debug|Any CPU.Build.0 = Debug|Any CPU
		{C11F3F69-389C-75CE-0FF8-88B73F5E3791}.Release|Any CPU.ActiveCfg = Release|Any CPU
		{C11F3F69-389C-75CE-0FF8-88B73F5E3791}.Release|Any CPU.Build.0 = Release|Any CPU
		{7548AA12-C1E4-754E-A47D-4A5D7D2F1E07}.Debug|Any CPU.ActiveCfg = Debug|Any CPU
		{7548AA12-C1E4-754E-A47D-4A5D7D2F1E07}.Debug|Any CPU.Build.0 = Debug|Any CPU
		{7548AA12-C1E4-754E-A47D-4A5D7D2F1E07}.Release|Any CPU.ActiveCfg = Release|Any CPU
		{7548AA12-C1E4-754E-A47D-4A5D7D2F1E07}.Release|Any CPU.Build.0 = Release|Any CPU
		{B11E3875-9459-5E9B-515F-D72CD4D69C90}.Debug|Any CPU.ActiveCfg = Debug|Any CPU
		{B11E3875-9459-5E9B-515F-D72CD4D69C90}.Debug|Any CPU.Build.0 = Debug|Any CPU
		{B11E3875-9459-5E9B-515F-D72CD4D69C90}.Release|Any CPU.ActiveCfg = Release|Any CPU
		{B11E3875-9459-5E9B-515F-D72CD4D69C90}.Release|Any CPU.Build.0 = Release|Any CPU
		{32CA72BF-E503-A6FE-4BB0-61A20EAD13C1}.Debug|Any CPU.ActiveCfg = Debug|Any CPU
		{32CA72BF-E503-A6FE-4BB0-61A20EAD13C1}.Debug|Any CPU.Build.0 = Debug|Any CPU
		{32CA72BF-E503-A6FE-4BB0-61A20EAD13C1}.Release|Any CPU.ActiveCfg = Release|Any CPU
		{32CA72BF-E503-A6FE-4BB0-61A20EAD13C1}.Release|Any CPU.Build.0 = Release|Any CPU
		{50BAF7FC-3512-847A-9374-B01DE70714C5}.Debug|Any CPU.ActiveCfg = Debug|Any CPU
		{50BAF7FC-3512-847A-9374-B01DE70714C5}.Debug|Any CPU.Build.0 = Debug|Any CPU
		{50BAF7FC-3512-847A-9374-B01DE70714C5}.Release|Any CPU.ActiveCfg = Release|Any CPU
		{50BAF7FC-3512-847A-9374-B01DE70714C5}.Release|Any CPU.Build.0 = Release|Any CPU
		{D9D47A62-69F8-5F27-023D-672CC237ED8B}.Debug|Any CPU.ActiveCfg = Debug|Any CPU
		{D9D47A62-69F8-5F27-023D-672CC237ED8B}.Debug|Any CPU.Build.0 = Debug|Any CPU
		{D9D47A62-69F8-5F27-023D-672CC237ED8B}.Release|Any CPU.ActiveCfg = Release|Any CPU
		{D9D47A62-69F8-5F27-023D-672CC237ED8B}.Release|Any CPU.Build.0 = Release|Any CPU
		{C827307B-CE73-E19E-C698-E733F8BC008E}.Debug|Any CPU.ActiveCfg = Debug|Any CPU
		{C827307B-CE73-E19E-C698-E733F8BC008E}.Debug|Any CPU.Build.0 = Debug|Any CPU
		{C827307B-CE73-E19E-C698-E733F8BC008E}.Release|Any CPU.ActiveCfg = Release|Any CPU
		{C827307B-CE73-E19E-C698-E733F8BC008E}.Release|Any CPU.Build.0 = Release|Any CPU
		{1088A195-2576-5856-1AC0-24DAB3CD2439}.Debug|Any CPU.ActiveCfg = Debug|Any CPU
		{1088A195-2576-5856-1AC0-24DAB3CD2439}.Debug|Any CPU.Build.0 = Debug|Any CPU
		{1088A195-2576-5856-1AC0-24DAB3CD2439}.Release|Any CPU.ActiveCfg = Release|Any CPU
		{1088A195-2576-5856-1AC0-24DAB3CD2439}.Release|Any CPU.Build.0 = Release|Any CPU
		{B7300060-7762-8B22-4C48-9167483441BB}.Debug|Any CPU.ActiveCfg = Debug|Any CPU
		{B7300060-7762-8B22-4C48-9167483441BB}.Debug|Any CPU.Build.0 = Debug|Any CPU
		{B7300060-7762-8B22-4C48-9167483441BB}.Release|Any CPU.ActiveCfg = Release|Any CPU
		{B7300060-7762-8B22-4C48-9167483441BB}.Release|Any CPU.Build.0 = Release|Any CPU
		{53211068-BDA3-3E8D-7E17-C35D45C22DEE}.Debug|Any CPU.ActiveCfg = Debug|Any CPU
		{53211068-BDA3-3E8D-7E17-C35D45C22DEE}.Debug|Any CPU.Build.0 = Debug|Any CPU
		{53211068-BDA3-3E8D-7E17-C35D45C22DEE}.Release|Any CPU.ActiveCfg = Release|Any CPU
		{53211068-BDA3-3E8D-7E17-C35D45C22DEE}.Release|Any CPU.Build.0 = Release|Any CPU
		{9EAE42F9-CCE6-49FA-9C70-FA0F900316D1}.Debug|Any CPU.ActiveCfg = Debug|Any CPU
		{9EAE42F9-CCE6-49FA-9C70-FA0F900316D1}.Debug|Any CPU.Build.0 = Debug|Any CPU
		{9EAE42F9-CCE6-49FA-9C70-FA0F900316D1}.Release|Any CPU.ActiveCfg = Release|Any CPU
		{9EAE42F9-CCE6-49FA-9C70-FA0F900316D1}.Release|Any CPU.Build.0 = Release|Any CPU
		{3CF5511F-777B-A0B0-CF3B-C6F772250B41}.Debug|Any CPU.ActiveCfg = Debug|Any CPU
		{3CF5511F-777B-A0B0-CF3B-C6F772250B41}.Debug|Any CPU.Build.0 = Debug|Any CPU
		{3CF5511F-777B-A0B0-CF3B-C6F772250B41}.Release|Any CPU.ActiveCfg = Release|Any CPU
		{3CF5511F-777B-A0B0-CF3B-C6F772250B41}.Release|Any CPU.Build.0 = Release|Any CPU
		{276AA2D5-9C2B-938C-3D57-DDF9A1528C0F}.Debug|Any CPU.ActiveCfg = Debug|Any CPU
		{276AA2D5-9C2B-938C-3D57-DDF9A1528C0F}.Debug|Any CPU.Build.0 = Debug|Any CPU
		{276AA2D5-9C2B-938C-3D57-DDF9A1528C0F}.Release|Any CPU.ActiveCfg = Release|Any CPU
		{276AA2D5-9C2B-938C-3D57-DDF9A1528C0F}.Release|Any CPU.Build.0 = Release|Any CPU
		{6D3B986F-915E-1384-ED39-A4490E186B62}.Debug|Any CPU.ActiveCfg = Debug|Any CPU
		{6D3B986F-915E-1384-ED39-A4490E186B62}.Debug|Any CPU.Build.0 = Debug|Any CPU
		{6D3B986F-915E-1384-ED39-A4490E186B62}.Release|Any CPU.ActiveCfg = Release|Any CPU
		{6D3B986F-915E-1384-ED39-A4490E186B62}.Release|Any CPU.Build.0 = Release|Any CPU
		{F776099B-5AEE-1965-CBC6-D4FD36B23E4E}.Debug|Any CPU.ActiveCfg = Debug|Any CPU
		{F776099B-5AEE-1965-CBC6-D4FD36B23E4E}.Debug|Any CPU.Build.0 = Debug|Any CPU
		{F776099B-5AEE-1965-CBC6-D4FD36B23E4E}.Release|Any CPU.ActiveCfg = Release|Any CPU
		{F776099B-5AEE-1965-CBC6-D4FD36B23E4E}.Release|Any CPU.Build.0 = Release|Any CPU
		{C78F8C90-B95D-3908-556F-8CC255FD5B7A}.Debug|Any CPU.ActiveCfg = Debug|Any CPU
		{C78F8C90-B95D-3908-556F-8CC255FD5B7A}.Debug|Any CPU.Build.0 = Debug|Any CPU
		{C78F8C90-B95D-3908-556F-8CC255FD5B7A}.Release|Any CPU.ActiveCfg = Release|Any CPU
		{C78F8C90-B95D-3908-556F-8CC255FD5B7A}.Release|Any CPU.Build.0 = Release|Any CPU
		{6C84049C-AA35-AEEA-0091-8E66A15EA67F}.Debug|Any CPU.ActiveCfg = Debug|Any CPU
		{6C84049C-AA35-AEEA-0091-8E66A15EA67F}.Debug|Any CPU.Build.0 = Debug|Any CPU
		{6C84049C-AA35-AEEA-0091-8E66A15EA67F}.Release|Any CPU.ActiveCfg = Release|Any CPU
		{6C84049C-AA35-AEEA-0091-8E66A15EA67F}.Release|Any CPU.Build.0 = Release|Any CPU
		{AC4EC7D3-B2DC-0933-D334-2BFD1B99BA98}.Debug|Any CPU.ActiveCfg = Debug|Any CPU
		{AC4EC7D3-B2DC-0933-D334-2BFD1B99BA98}.Debug|Any CPU.Build.0 = Debug|Any CPU
		{AC4EC7D3-B2DC-0933-D334-2BFD1B99BA98}.Release|Any CPU.ActiveCfg = Release|Any CPU
		{AC4EC7D3-B2DC-0933-D334-2BFD1B99BA98}.Release|Any CPU.Build.0 = Release|Any CPU
		{A6EDB702-9104-D0CF-B59C-DCA923AEF360}.Debug|Any CPU.ActiveCfg = Debug|Any CPU
		{A6EDB702-9104-D0CF-B59C-DCA923AEF360}.Debug|Any CPU.Build.0 = Debug|Any CPU
		{A6EDB702-9104-D0CF-B59C-DCA923AEF360}.Release|Any CPU.ActiveCfg = Release|Any CPU
		{A6EDB702-9104-D0CF-B59C-DCA923AEF360}.Release|Any CPU.Build.0 = Release|Any CPU
		{EE16177F-9FD7-8AF7-8354-5C5B67154A6B}.Debug|Any CPU.ActiveCfg = Debug|Any CPU
		{EE16177F-9FD7-8AF7-8354-5C5B67154A6B}.Debug|Any CPU.Build.0 = Debug|Any CPU
		{EE16177F-9FD7-8AF7-8354-5C5B67154A6B}.Release|Any CPU.ActiveCfg = Release|Any CPU
		{EE16177F-9FD7-8AF7-8354-5C5B67154A6B}.Release|Any CPU.Build.0 = Release|Any CPU
		{C88631E1-6DCB-39F7-BC05-ABCCB942AFBD}.Debug|Any CPU.ActiveCfg = Debug|Any CPU
		{C88631E1-6DCB-39F7-BC05-ABCCB942AFBD}.Debug|Any CPU.Build.0 = Debug|Any CPU
		{C88631E1-6DCB-39F7-BC05-ABCCB942AFBD}.Release|Any CPU.ActiveCfg = Release|Any CPU
		{C88631E1-6DCB-39F7-BC05-ABCCB942AFBD}.Release|Any CPU.Build.0 = Release|Any CPU
		{354658F4-365A-464E-E405-C88F796F088D}.Debug|Any CPU.ActiveCfg = Debug|Any CPU
		{354658F4-365A-464E-E405-C88F796F088D}.Debug|Any CPU.Build.0 = Debug|Any CPU
		{354658F4-365A-464E-E405-C88F796F088D}.Release|Any CPU.ActiveCfg = Release|Any CPU
		{354658F4-365A-464E-E405-C88F796F088D}.Release|Any CPU.Build.0 = Release|Any CPU
		{5B556706-C6E2-F04C-8230-01FCF23DB8D2}.Debug|Any CPU.ActiveCfg = Debug|Any CPU
		{5B556706-C6E2-F04C-8230-01FCF23DB8D2}.Debug|Any CPU.Build.0 = Debug|Any CPU
		{5B556706-C6E2-F04C-8230-01FCF23DB8D2}.Release|Any CPU.ActiveCfg = Release|Any CPU
		{5B556706-C6E2-F04C-8230-01FCF23DB8D2}.Release|Any CPU.Build.0 = Release|Any CPU
		{C87D91D4-9A39-BDCB-6CD9-E073D4863954}.Debug|Any CPU.ActiveCfg = Debug|Any CPU
		{C87D91D4-9A39-BDCB-6CD9-E073D4863954}.Debug|Any CPU.Build.0 = Debug|Any CPU
		{C87D91D4-9A39-BDCB-6CD9-E073D4863954}.Release|Any CPU.ActiveCfg = Release|Any CPU
		{C87D91D4-9A39-BDCB-6CD9-E073D4863954}.Release|Any CPU.Build.0 = Release|Any CPU
		{A67849E6-FF31-5210-F4C1-E83463544BFB}.Debug|Any CPU.ActiveCfg = Debug|Any CPU
		{A67849E6-FF31-5210-F4C1-E83463544BFB}.Debug|Any CPU.Build.0 = Debug|Any CPU
		{A67849E6-FF31-5210-F4C1-E83463544BFB}.Release|Any CPU.ActiveCfg = Release|Any CPU
		{A67849E6-FF31-5210-F4C1-E83463544BFB}.Release|Any CPU.Build.0 = Release|Any CPU
		{EAE74B21-1B94-A6FB-4721-B83B806C8118}.Debug|Any CPU.ActiveCfg = Debug|Any CPU
		{EAE74B21-1B94-A6FB-4721-B83B806C8118}.Debug|Any CPU.Build.0 = Debug|Any CPU
		{EAE74B21-1B94-A6FB-4721-B83B806C8118}.Release|Any CPU.ActiveCfg = Release|Any CPU
		{EAE74B21-1B94-A6FB-4721-B83B806C8118}.Release|Any CPU.Build.0 = Release|Any CPU
	EndGlobalSection
	GlobalSection(SolutionProperties) = preSolution
		HideSolutionNode = FALSE
	EndGlobalSection
EndGlobal
